// !$*UTF8*$!
{
	archiveVersion = 1;
	classes = {
	};
	objectVersion = 51;
	objects = {

/* Begin PBXBuildFile section */
		495E064B23B4B7770085E268 /* .swiftlint.yml in Resources */ = {isa = PBXBuildFile; fileRef = 495E064A23B4B7770085E268 /* .swiftlint.yml */; };
		495E064F23B5C7730085E268 /* SearchViewController.swift in Sources */ = {isa = PBXBuildFile; fileRef = 495E064E23B5C7730085E268 /* SearchViewController.swift */; };
		495E065623B5C99E0085E268 /* AppService.swift in Sources */ = {isa = PBXBuildFile; fileRef = 495E065523B5C99E0085E268 /* AppService.swift */; };
		495E065823B5C9AF0085E268 /* AppServiceType.swift in Sources */ = {isa = PBXBuildFile; fileRef = 495E065723B5C9AF0085E268 /* AppServiceType.swift */; };
		495E065E23B5CBF90085E268 /* AppAPI.swift in Sources */ = {isa = PBXBuildFile; fileRef = 495E065D23B5CBF90085E268 /* AppAPI.swift */; };
		495E066123B5D7FA0085E268 /* AppManager.swift in Sources */ = {isa = PBXBuildFile; fileRef = 495E066023B5D7FA0085E268 /* AppManager.swift */; };
		4974ABC023BF1A8D00BD41D0 /* MovieModel.swift in Sources */ = {isa = PBXBuildFile; fileRef = 4974ABBF23BF1A8D00BD41D0 /* MovieModel.swift */; };
		4974ABC323BF3BBF00BD41D0 /* MovieCellNode.swift in Sources */ = {isa = PBXBuildFile; fileRef = 4974ABC223BF3BBF00BD41D0 /* MovieCellNode.swift */; };
		4974ABC523BF433900BD41D0 /* SearchTableNode.swift in Sources */ = {isa = PBXBuildFile; fileRef = 4974ABC423BF433900BD41D0 /* SearchTableNode.swift */; };
		4974ABC723BF439F00BD41D0 /* SearchNode.swift in Sources */ = {isa = PBXBuildFile; fileRef = 4974ABC623BF439F00BD41D0 /* SearchNode.swift */; };
		497EC1A423C8308500FAF8C1 /* MovieViewModel.swift in Sources */ = {isa = PBXBuildFile; fileRef = 497EC1A323C8308500FAF8C1 /* MovieViewModel.swift */; };
		497EC1A623C86DA000FAF8C1 /* SearchViewModel.swift in Sources */ = {isa = PBXBuildFile; fileRef = 497EC1A523C86DA000FAF8C1 /* SearchViewModel.swift */; };
		497EC1A923C9858E00FAF8C1 /* DetailViewController.swift in Sources */ = {isa = PBXBuildFile; fileRef = 497EC1A823C9858E00FAF8C1 /* DetailViewController.swift */; };
		497EC1AD23C985BB00FAF8C1 /* DetailNode.swift in Sources */ = {isa = PBXBuildFile; fileRef = 497EC1AC23C985BB00FAF8C1 /* DetailNode.swift */; };
		497EC1B023C9AC0900FAF8C1 /* SearchFlow.swift in Sources */ = {isa = PBXBuildFile; fileRef = 497EC1AF23C9AC0900FAF8C1 /* SearchFlow.swift */; };
		497EC1B223C9B36300FAF8C1 /* AppFlow.swift in Sources */ = {isa = PBXBuildFile; fileRef = 497EC1B123C9B36300FAF8C1 /* AppFlow.swift */; };
		497EC1B423C9CA3900FAF8C1 /* AppStep.swift in Sources */ = {isa = PBXBuildFile; fileRef = 497EC1B323C9CA3900FAF8C1 /* AppStep.swift */; };
		49E139F123B22C5700B167DB /* AppDelegate.swift in Sources */ = {isa = PBXBuildFile; fileRef = 49E139F023B22C5700B167DB /* AppDelegate.swift */; };
		49E139F323B22C5700B167DB /* SceneDelegate.swift in Sources */ = {isa = PBXBuildFile; fileRef = 49E139F223B22C5700B167DB /* SceneDelegate.swift */; };
		49E139F523B22C5700B167DB /* ViewController.swift in Sources */ = {isa = PBXBuildFile; fileRef = 49E139F423B22C5700B167DB /* ViewController.swift */; };
		49E139F823B22C5700B167DB /* Main.storyboard in Resources */ = {isa = PBXBuildFile; fileRef = 49E139F623B22C5700B167DB /* Main.storyboard */; };
		49E139FA23B22C5800B167DB /* Assets.xcassets in Resources */ = {isa = PBXBuildFile; fileRef = 49E139F923B22C5800B167DB /* Assets.xcassets */; };
		49E139FD23B22C5800B167DB /* LaunchScreen.storyboard in Resources */ = {isa = PBXBuildFile; fileRef = 49E139FB23B22C5800B167DB /* LaunchScreen.storyboard */; };
		49E13A0823B22C5800B167DB /* RxFlowTestTests.swift in Sources */ = {isa = PBXBuildFile; fileRef = 49E13A0723B22C5800B167DB /* RxFlowTestTests.swift */; };
		49E13A1323B22C5900B167DB /* RxFlowTestUITests.swift in Sources */ = {isa = PBXBuildFile; fileRef = 49E13A1223B22C5900B167DB /* RxFlowTestUITests.swift */; };
		4C7DA6A661FA4934F955AC54 /* Pods_RxFlowTest.framework in Frameworks */ = {isa = PBXBuildFile; fileRef = ADE6FAA9D064D598F4C8091D /* Pods_RxFlowTest.framework */; };
/* End PBXBuildFile section */

/* Begin PBXContainerItemProxy section */
		49E13A0423B22C5800B167DB /* PBXContainerItemProxy */ = {
			isa = PBXContainerItemProxy;
			containerPortal = 49E139E523B22C5700B167DB /* Project object */;
			proxyType = 1;
			remoteGlobalIDString = 49E139EC23B22C5700B167DB;
			remoteInfo = RxFlowTest;
		};
		49E13A0F23B22C5900B167DB /* PBXContainerItemProxy */ = {
			isa = PBXContainerItemProxy;
			containerPortal = 49E139E523B22C5700B167DB /* Project object */;
			proxyType = 1;
			remoteGlobalIDString = 49E139EC23B22C5700B167DB;
			remoteInfo = RxFlowTest;
		};
/* End PBXContainerItemProxy section */

/* Begin PBXFileReference section */
		07AC2978B85F4AB14CA8CC4C /* Pods-RxFlowTest.release.xcconfig */ = {isa = PBXFileReference; includeInIndex = 1; lastKnownFileType = text.xcconfig; name = "Pods-RxFlowTest.release.xcconfig"; path = "Target Support Files/Pods-RxFlowTest/Pods-RxFlowTest.release.xcconfig"; sourceTree = "<group>"; };
		495E064A23B4B7770085E268 /* .swiftlint.yml */ = {isa = PBXFileReference; lastKnownFileType = text.yaml; path = .swiftlint.yml; sourceTree = "<group>"; };
		495E064E23B5C7730085E268 /* SearchViewController.swift */ = {isa = PBXFileReference; lastKnownFileType = sourcecode.swift; path = SearchViewController.swift; sourceTree = "<group>"; };
		495E065523B5C99E0085E268 /* AppService.swift */ = {isa = PBXFileReference; lastKnownFileType = sourcecode.swift; path = AppService.swift; sourceTree = "<group>"; };
		495E065723B5C9AF0085E268 /* AppServiceType.swift */ = {isa = PBXFileReference; lastKnownFileType = sourcecode.swift; path = AppServiceType.swift; sourceTree = "<group>"; };
		495E065A23B5CB2E0085E268 /* RxFlowTest-Bridging-Header.h */ = {isa = PBXFileReference; lastKnownFileType = sourcecode.c.h; path = "RxFlowTest-Bridging-Header.h"; sourceTree = "<group>"; };
		495E065D23B5CBF90085E268 /* AppAPI.swift */ = {isa = PBXFileReference; lastKnownFileType = sourcecode.swift; path = AppAPI.swift; sourceTree = "<group>"; };
		495E066023B5D7FA0085E268 /* AppManager.swift */ = {isa = PBXFileReference; lastKnownFileType = sourcecode.swift; path = AppManager.swift; sourceTree = "<group>"; };
		4974ABBF23BF1A8D00BD41D0 /* MovieModel.swift */ = {isa = PBXFileReference; lastKnownFileType = sourcecode.swift; path = MovieModel.swift; sourceTree = "<group>"; };
		4974ABC223BF3BBF00BD41D0 /* MovieCellNode.swift */ = {isa = PBXFileReference; lastKnownFileType = sourcecode.swift; path = MovieCellNode.swift; sourceTree = "<group>"; };
		4974ABC423BF433900BD41D0 /* SearchTableNode.swift */ = {isa = PBXFileReference; lastKnownFileType = sourcecode.swift; path = SearchTableNode.swift; sourceTree = "<group>"; };
		4974ABC623BF439F00BD41D0 /* SearchNode.swift */ = {isa = PBXFileReference; lastKnownFileType = sourcecode.swift; path = SearchNode.swift; sourceTree = "<group>"; };
		497EC1A323C8308500FAF8C1 /* MovieViewModel.swift */ = {isa = PBXFileReference; lastKnownFileType = sourcecode.swift; path = MovieViewModel.swift; sourceTree = "<group>"; };
		497EC1A523C86DA000FAF8C1 /* SearchViewModel.swift */ = {isa = PBXFileReference; lastKnownFileType = sourcecode.swift; path = SearchViewModel.swift; sourceTree = "<group>"; };
		497EC1A823C9858E00FAF8C1 /* DetailViewController.swift */ = {isa = PBXFileReference; lastKnownFileType = sourcecode.swift; path = DetailViewController.swift; sourceTree = "<group>"; };
		497EC1AC23C985BB00FAF8C1 /* DetailNode.swift */ = {isa = PBXFileReference; lastKnownFileType = sourcecode.swift; path = DetailNode.swift; sourceTree = "<group>"; };
		497EC1AF23C9AC0900FAF8C1 /* SearchFlow.swift */ = {isa = PBXFileReference; lastKnownFileType = sourcecode.swift; path = SearchFlow.swift; sourceTree = "<group>"; };
		497EC1B123C9B36300FAF8C1 /* AppFlow.swift */ = {isa = PBXFileReference; lastKnownFileType = sourcecode.swift; path = AppFlow.swift; sourceTree = "<group>"; };
		497EC1B323C9CA3900FAF8C1 /* AppStep.swift */ = {isa = PBXFileReference; lastKnownFileType = sourcecode.swift; path = AppStep.swift; sourceTree = "<group>"; };
		49E139ED23B22C5700B167DB /* RxFlowTest.app */ = {isa = PBXFileReference; explicitFileType = wrapper.application; includeInIndex = 0; path = RxFlowTest.app; sourceTree = BUILT_PRODUCTS_DIR; };
		49E139F023B22C5700B167DB /* AppDelegate.swift */ = {isa = PBXFileReference; lastKnownFileType = sourcecode.swift; path = AppDelegate.swift; sourceTree = "<group>"; };
		49E139F223B22C5700B167DB /* SceneDelegate.swift */ = {isa = PBXFileReference; lastKnownFileType = sourcecode.swift; path = SceneDelegate.swift; sourceTree = "<group>"; };
		49E139F423B22C5700B167DB /* ViewController.swift */ = {isa = PBXFileReference; lastKnownFileType = sourcecode.swift; path = ViewController.swift; sourceTree = "<group>"; };
		49E139F723B22C5700B167DB /* Base */ = {isa = PBXFileReference; lastKnownFileType = file.storyboard; name = Base; path = Base.lproj/Main.storyboard; sourceTree = "<group>"; };
		49E139F923B22C5800B167DB /* Assets.xcassets */ = {isa = PBXFileReference; lastKnownFileType = folder.assetcatalog; path = Assets.xcassets; sourceTree = "<group>"; };
		49E139FC23B22C5800B167DB /* Base */ = {isa = PBXFileReference; lastKnownFileType = file.storyboard; name = Base; path = Base.lproj/LaunchScreen.storyboard; sourceTree = "<group>"; };
		49E139FE23B22C5800B167DB /* Info.plist */ = {isa = PBXFileReference; lastKnownFileType = text.plist.xml; path = Info.plist; sourceTree = "<group>"; };
		49E13A0323B22C5800B167DB /* RxFlowTestTests.xctest */ = {isa = PBXFileReference; explicitFileType = wrapper.cfbundle; includeInIndex = 0; path = RxFlowTestTests.xctest; sourceTree = BUILT_PRODUCTS_DIR; };
		49E13A0723B22C5800B167DB /* RxFlowTestTests.swift */ = {isa = PBXFileReference; lastKnownFileType = sourcecode.swift; path = RxFlowTestTests.swift; sourceTree = "<group>"; };
		49E13A0923B22C5800B167DB /* Info.plist */ = {isa = PBXFileReference; lastKnownFileType = text.plist.xml; path = Info.plist; sourceTree = "<group>"; };
		49E13A0E23B22C5900B167DB /* RxFlowTestUITests.xctest */ = {isa = PBXFileReference; explicitFileType = wrapper.cfbundle; includeInIndex = 0; path = RxFlowTestUITests.xctest; sourceTree = BUILT_PRODUCTS_DIR; };
		49E13A1223B22C5900B167DB /* RxFlowTestUITests.swift */ = {isa = PBXFileReference; lastKnownFileType = sourcecode.swift; path = RxFlowTestUITests.swift; sourceTree = "<group>"; };
		49E13A1423B22C5900B167DB /* Info.plist */ = {isa = PBXFileReference; lastKnownFileType = text.plist.xml; path = Info.plist; sourceTree = "<group>"; };
		7DAEF3BE272977853D518CD1 /* Pods-RxFlowTest.debug.xcconfig */ = {isa = PBXFileReference; includeInIndex = 1; lastKnownFileType = text.xcconfig; name = "Pods-RxFlowTest.debug.xcconfig"; path = "Target Support Files/Pods-RxFlowTest/Pods-RxFlowTest.debug.xcconfig"; sourceTree = "<group>"; };
		ADE6FAA9D064D598F4C8091D /* Pods_RxFlowTest.framework */ = {isa = PBXFileReference; explicitFileType = wrapper.framework; includeInIndex = 0; path = Pods_RxFlowTest.framework; sourceTree = BUILT_PRODUCTS_DIR; };
/* End PBXFileReference section */

/* Begin PBXFrameworksBuildPhase section */
		49E139EA23B22C5700B167DB /* Frameworks */ = {
			isa = PBXFrameworksBuildPhase;
			buildActionMask = 2147483647;
			files = (
				4C7DA6A661FA4934F955AC54 /* Pods_RxFlowTest.framework in Frameworks */,
			);
			runOnlyForDeploymentPostprocessing = 0;
		};
		49E13A0023B22C5800B167DB /* Frameworks */ = {
			isa = PBXFrameworksBuildPhase;
			buildActionMask = 2147483647;
			files = (
			);
			runOnlyForDeploymentPostprocessing = 0;
		};
		49E13A0B23B22C5800B167DB /* Frameworks */ = {
			isa = PBXFrameworksBuildPhase;
			buildActionMask = 2147483647;
			files = (
			);
			runOnlyForDeploymentPostprocessing = 0;
		};
/* End PBXFrameworksBuildPhase section */

/* Begin PBXGroup section */
		495E064C23B4BCE90085E268 /* Contents */ = {
			isa = PBXGroup;
			children = (
				497EC1A723C9856A00FAF8C1 /* Detail */,
				495E064D23B4BD250085E268 /* Search */,
			);
			path = Contents;
			sourceTree = "<group>";
		};
		495E064D23B4BD250085E268 /* Search */ = {
			isa = PBXGroup;
			children = (
				495E064E23B5C7730085E268 /* SearchViewController.swift */,
			);
			path = Search;
			sourceTree = "<group>";
		};
		495E065323B5C9710085E268 /* Network */ = {
			isa = PBXGroup;
			children = (
				495E065D23B5CBF90085E268 /* AppAPI.swift */,
			);
			path = Network;
			sourceTree = "<group>";
		};
		495E065423B5C98B0085E268 /* Service */ = {
			isa = PBXGroup;
			children = (
				495E065523B5C99E0085E268 /* AppService.swift */,
				495E065723B5C9AF0085E268 /* AppServiceType.swift */,
			);
			path = Service;
			sourceTree = "<group>";
		};
		495E065923B5CB010085E268 /* SupportFiles */ = {
			isa = PBXGroup;
			children = (
				49E139F623B22C5700B167DB /* Main.storyboard */,
				49E139F923B22C5800B167DB /* Assets.xcassets */,
				49E139FB23B22C5800B167DB /* LaunchScreen.storyboard */,
				49E139FE23B22C5800B167DB /* Info.plist */,
				495E065A23B5CB2E0085E268 /* RxFlowTest-Bridging-Header.h */,
			);
			path = SupportFiles;
			sourceTree = "<group>";
		};
		495E065F23B5D7DF0085E268 /* Core */ = {
			isa = PBXGroup;
			children = (
				495E066023B5D7FA0085E268 /* AppManager.swift */,
			);
			path = Core;
			sourceTree = "<group>";
		};
		4974ABBE23BF1A7B00BD41D0 /* Model */ = {
			isa = PBXGroup;
			children = (
				4974ABBF23BF1A8D00BD41D0 /* MovieModel.swift */,
			);
			path = Model;
			sourceTree = "<group>";
		};
		4974ABC123BF3BAB00BD41D0 /* Node */ = {
			isa = PBXGroup;
			children = (
				4974ABC223BF3BBF00BD41D0 /* MovieCellNode.swift */,
				4974ABC423BF433900BD41D0 /* SearchTableNode.swift */,
				4974ABC623BF439F00BD41D0 /* SearchNode.swift */,
				497EC1AC23C985BB00FAF8C1 /* DetailNode.swift */,
			);
			path = Node;
			sourceTree = "<group>";
		};
		497EC1A223C8304200FAF8C1 /* ViewModel */ = {
			isa = PBXGroup;
			children = (
				497EC1A323C8308500FAF8C1 /* MovieViewModel.swift */,
				497EC1A523C86DA000FAF8C1 /* SearchViewModel.swift */,
			);
			path = ViewModel;
			sourceTree = "<group>";
		};
		497EC1A723C9856A00FAF8C1 /* Detail */ = {
			isa = PBXGroup;
			children = (
				497EC1A823C9858E00FAF8C1 /* DetailViewController.swift */,
			);
			path = Detail;
			sourceTree = "<group>";
		};
		497EC1AE23C9ABE600FAF8C1 /* Flow */ = {
			isa = PBXGroup;
			children = (
				497EC1B323C9CA3900FAF8C1 /* AppStep.swift */,
				497EC1B123C9B36300FAF8C1 /* AppFlow.swift */,
				497EC1AF23C9AC0900FAF8C1 /* SearchFlow.swift */,
			);
			path = Flow;
			sourceTree = "<group>";
		};
		49E139E423B22C5700B167DB = {
			isa = PBXGroup;
			children = (
				495E064A23B4B7770085E268 /* .swiftlint.yml */,
				49E139EF23B22C5700B167DB /* RxFlowTest */,
				49E13A0623B22C5800B167DB /* RxFlowTestTests */,
				49E13A1123B22C5900B167DB /* RxFlowTestUITests */,
				49E139EE23B22C5700B167DB /* Products */,
				920A7DFB6BCB013A11E21DD1 /* Pods */,
				D71495F84A424AF0CE552113 /* Frameworks */,
			);
			sourceTree = "<group>";
		};
		49E139EE23B22C5700B167DB /* Products */ = {
			isa = PBXGroup;
			children = (
				49E139ED23B22C5700B167DB /* RxFlowTest.app */,
				49E13A0323B22C5800B167DB /* RxFlowTestTests.xctest */,
				49E13A0E23B22C5900B167DB /* RxFlowTestUITests.xctest */,
			);
			name = Products;
			sourceTree = "<group>";
		};
		49E139EF23B22C5700B167DB /* RxFlowTest */ = {
			isa = PBXGroup;
			children = (
				497EC1AE23C9ABE600FAF8C1 /* Flow */,
				497EC1A223C8304200FAF8C1 /* ViewModel */,
				4974ABC123BF3BAB00BD41D0 /* Node */,
				4974ABBE23BF1A7B00BD41D0 /* Model */,
				495E064C23B4BCE90085E268 /* Contents */,
				495E065F23B5D7DF0085E268 /* Core */,
				495E065323B5C9710085E268 /* Network */,
				495E065423B5C98B0085E268 /* Service */,
				495E065923B5CB010085E268 /* SupportFiles */,
				49E139F023B22C5700B167DB /* AppDelegate.swift */,
				49E139F223B22C5700B167DB /* SceneDelegate.swift */,
				49E139F423B22C5700B167DB /* ViewController.swift */,
			);
			path = RxFlowTest;
			sourceTree = "<group>";
		};
		49E13A0623B22C5800B167DB /* RxFlowTestTests */ = {
			isa = PBXGroup;
			children = (
				49E13A0723B22C5800B167DB /* RxFlowTestTests.swift */,
				49E13A0923B22C5800B167DB /* Info.plist */,
			);
			path = RxFlowTestTests;
			sourceTree = "<group>";
		};
		49E13A1123B22C5900B167DB /* RxFlowTestUITests */ = {
			isa = PBXGroup;
			children = (
				49E13A1223B22C5900B167DB /* RxFlowTestUITests.swift */,
				49E13A1423B22C5900B167DB /* Info.plist */,
			);
			path = RxFlowTestUITests;
			sourceTree = "<group>";
		};
		920A7DFB6BCB013A11E21DD1 /* Pods */ = {
			isa = PBXGroup;
			children = (
				7DAEF3BE272977853D518CD1 /* Pods-RxFlowTest.debug.xcconfig */,
				07AC2978B85F4AB14CA8CC4C /* Pods-RxFlowTest.release.xcconfig */,
			);
			path = Pods;
			sourceTree = "<group>";
		};
		D71495F84A424AF0CE552113 /* Frameworks */ = {
			isa = PBXGroup;
			children = (
				ADE6FAA9D064D598F4C8091D /* Pods_RxFlowTest.framework */,
			);
			name = Frameworks;
			sourceTree = "<group>";
		};
/* End PBXGroup section */

/* Begin PBXNativeTarget section */
		49E139EC23B22C5700B167DB /* RxFlowTest */ = {
			isa = PBXNativeTarget;
			buildConfigurationList = 49E13A1723B22C5900B167DB /* Build configuration list for PBXNativeTarget "RxFlowTest" */;
			buildPhases = (
				CAB3080B06A751572F6039EE /* [CP] Check Pods Manifest.lock */,
				49E139E923B22C5700B167DB /* Sources */,
				49E139EA23B22C5700B167DB /* Frameworks */,
				49E139EB23B22C5700B167DB /* Resources */,
				495E064923B4B6DC0085E268 /* ShellScript */,
				6B49456560305EA4916BCE68 /* [CP] Embed Pods Frameworks */,
			);
			buildRules = (
			);
			dependencies = (
			);
			name = RxFlowTest;
			productName = RxFlowTest;
			productReference = 49E139ED23B22C5700B167DB /* RxFlowTest.app */;
			productType = "com.apple.product-type.application";
		};
		49E13A0223B22C5800B167DB /* RxFlowTestTests */ = {
			isa = PBXNativeTarget;
			buildConfigurationList = 49E13A1A23B22C5900B167DB /* Build configuration list for PBXNativeTarget "RxFlowTestTests" */;
			buildPhases = (
				49E139FF23B22C5800B167DB /* Sources */,
				49E13A0023B22C5800B167DB /* Frameworks */,
				49E13A0123B22C5800B167DB /* Resources */,
			);
			buildRules = (
			);
			dependencies = (
				49E13A0523B22C5800B167DB /* PBXTargetDependency */,
			);
			name = RxFlowTestTests;
			productName = RxFlowTestTests;
			productReference = 49E13A0323B22C5800B167DB /* RxFlowTestTests.xctest */;
			productType = "com.apple.product-type.bundle.unit-test";
		};
		49E13A0D23B22C5800B167DB /* RxFlowTestUITests */ = {
			isa = PBXNativeTarget;
			buildConfigurationList = 49E13A1D23B22C5900B167DB /* Build configuration list for PBXNativeTarget "RxFlowTestUITests" */;
			buildPhases = (
				49E13A0A23B22C5800B167DB /* Sources */,
				49E13A0B23B22C5800B167DB /* Frameworks */,
				49E13A0C23B22C5800B167DB /* Resources */,
			);
			buildRules = (
			);
			dependencies = (
				49E13A1023B22C5900B167DB /* PBXTargetDependency */,
			);
			name = RxFlowTestUITests;
			productName = RxFlowTestUITests;
			productReference = 49E13A0E23B22C5900B167DB /* RxFlowTestUITests.xctest */;
			productType = "com.apple.product-type.bundle.ui-testing";
		};
/* End PBXNativeTarget section */

/* Begin PBXProject section */
		49E139E523B22C5700B167DB /* Project object */ = {
			isa = PBXProject;
			attributes = {
				LastSwiftUpdateCheck = 1130;
				LastUpgradeCheck = 1130;
				ORGANIZATIONNAME = Peter;
				TargetAttributes = {
					49E139EC23B22C5700B167DB = {
						CreatedOnToolsVersion = 11.3;
						LastSwiftMigration = 1130;
					};
					49E13A0223B22C5800B167DB = {
						CreatedOnToolsVersion = 11.3;
						TestTargetID = 49E139EC23B22C5700B167DB;
					};
					49E13A0D23B22C5800B167DB = {
						CreatedOnToolsVersion = 11.3;
						TestTargetID = 49E139EC23B22C5700B167DB;
					};
				};
			};
			buildConfigurationList = 49E139E823B22C5700B167DB /* Build configuration list for PBXProject "RxFlowTest" */;
			compatibilityVersion = "Xcode 9.3";
			developmentRegion = en;
			hasScannedForEncodings = 0;
			knownRegions = (
				en,
				Base,
			);
			mainGroup = 49E139E423B22C5700B167DB;
			productRefGroup = 49E139EE23B22C5700B167DB /* Products */;
			projectDirPath = "";
			projectRoot = "";
			targets = (
				49E139EC23B22C5700B167DB /* RxFlowTest */,
				49E13A0223B22C5800B167DB /* RxFlowTestTests */,
				49E13A0D23B22C5800B167DB /* RxFlowTestUITests */,
			);
		};
/* End PBXProject section */

/* Begin PBXResourcesBuildPhase section */
		49E139EB23B22C5700B167DB /* Resources */ = {
			isa = PBXResourcesBuildPhase;
			buildActionMask = 2147483647;
			files = (
				495E064B23B4B7770085E268 /* .swiftlint.yml in Resources */,
				49E139FD23B22C5800B167DB /* LaunchScreen.storyboard in Resources */,
				49E139FA23B22C5800B167DB /* Assets.xcassets in Resources */,
				49E139F823B22C5700B167DB /* Main.storyboard in Resources */,
			);
			runOnlyForDeploymentPostprocessing = 0;
		};
		49E13A0123B22C5800B167DB /* Resources */ = {
			isa = PBXResourcesBuildPhase;
			buildActionMask = 2147483647;
			files = (
			);
			runOnlyForDeploymentPostprocessing = 0;
		};
		49E13A0C23B22C5800B167DB /* Resources */ = {
			isa = PBXResourcesBuildPhase;
			buildActionMask = 2147483647;
			files = (
			);
			runOnlyForDeploymentPostprocessing = 0;
		};
/* End PBXResourcesBuildPhase section */

/* Begin PBXShellScriptBuildPhase section */
		495E064923B4B6DC0085E268 /* ShellScript */ = {
			isa = PBXShellScriptBuildPhase;
			buildActionMask = 2147483647;
			files = (
			);
			inputFileListPaths = (
			);
			inputPaths = (
			);
			outputFileListPaths = (
			);
			outputPaths = (
			);
			runOnlyForDeploymentPostprocessing = 0;
			shellPath = /bin/sh;
			shellScript = "# Type a script or drag a script file from your workspace to insert its path.\n\"${PODS_ROOT}/SwiftLint/swiftlint\"\n";
		};
		6B49456560305EA4916BCE68 /* [CP] Embed Pods Frameworks */ = {
			isa = PBXShellScriptBuildPhase;
			buildActionMask = 2147483647;
			files = (
			);
			inputFileListPaths = (
				"${PODS_ROOT}/Target Support Files/Pods-RxFlowTest/Pods-RxFlowTest-frameworks-${CONFIGURATION}-input-files.xcfilelist",
			);
			name = "[CP] Embed Pods Frameworks";
			outputFileListPaths = (
				"${PODS_ROOT}/Target Support Files/Pods-RxFlowTest/Pods-RxFlowTest-frameworks-${CONFIGURATION}-output-files.xcfilelist",
			);
			runOnlyForDeploymentPostprocessing = 0;
			shellPath = /bin/sh;
			shellScript = "\"${PODS_ROOT}/Target Support Files/Pods-RxFlowTest/Pods-RxFlowTest-frameworks.sh\"\n";
			showEnvVarsInLog = 0;
		};
		CAB3080B06A751572F6039EE /* [CP] Check Pods Manifest.lock */ = {
			isa = PBXShellScriptBuildPhase;
			buildActionMask = 2147483647;
			files = (
			);
			inputFileListPaths = (
			);
			inputPaths = (
				"${PODS_PODFILE_DIR_PATH}/Podfile.lock",
				"${PODS_ROOT}/Manifest.lock",
			);
			name = "[CP] Check Pods Manifest.lock";
			outputFileListPaths = (
			);
			outputPaths = (
				"$(DERIVED_FILE_DIR)/Pods-RxFlowTest-checkManifestLockResult.txt",
			);
			runOnlyForDeploymentPostprocessing = 0;
			shellPath = /bin/sh;
			shellScript = "diff \"${PODS_PODFILE_DIR_PATH}/Podfile.lock\" \"${PODS_ROOT}/Manifest.lock\" > /dev/null\nif [ $? != 0 ] ; then\n    # print error to STDERR\n    echo \"error: The sandbox is not in sync with the Podfile.lock. Run 'pod install' or update your CocoaPods installation.\" >&2\n    exit 1\nfi\n# This output is used by Xcode 'outputs' to avoid re-running this script phase.\necho \"SUCCESS\" > \"${SCRIPT_OUTPUT_FILE_0}\"\n";
			showEnvVarsInLog = 0;
		};
/* End PBXShellScriptBuildPhase section */

/* Begin PBXSourcesBuildPhase section */
		49E139E923B22C5700B167DB /* Sources */ = {
			isa = PBXSourcesBuildPhase;
			buildActionMask = 2147483647;
			files = (
				4974ABC023BF1A8D00BD41D0 /* MovieModel.swift in Sources */,
				497EC1B223C9B36300FAF8C1 /* AppFlow.swift in Sources */,
				495E065823B5C9AF0085E268 /* AppServiceType.swift in Sources */,
				4974ABC523BF433900BD41D0 /* SearchTableNode.swift in Sources */,
				4974ABC723BF439F00BD41D0 /* SearchNode.swift in Sources */,
				497EC1B423C9CA3900FAF8C1 /* AppStep.swift in Sources */,
				497EC1AD23C985BB00FAF8C1 /* DetailNode.swift in Sources */,
				4974ABC323BF3BBF00BD41D0 /* MovieCellNode.swift in Sources */,
				495E065E23B5CBF90085E268 /* AppAPI.swift in Sources */,
				497EC1B023C9AC0900FAF8C1 /* SearchFlow.swift in Sources */,
				495E065623B5C99E0085E268 /* AppService.swift in Sources */,
				49E139F523B22C5700B167DB /* ViewController.swift in Sources */,
				497EC1A623C86DA000FAF8C1 /* SearchViewModel.swift in Sources */,
				49E139F123B22C5700B167DB /* AppDelegate.swift in Sources */,
				495E066123B5D7FA0085E268 /* AppManager.swift in Sources */,
				497EC1A423C8308500FAF8C1 /* MovieViewModel.swift in Sources */,
				497EC1A923C9858E00FAF8C1 /* DetailViewController.swift in Sources */,
				495E064F23B5C7730085E268 /* SearchViewController.swift in Sources */,
				49E139F323B22C5700B167DB /* SceneDelegate.swift in Sources */,
			);
			runOnlyForDeploymentPostprocessing = 0;
		};
		49E139FF23B22C5800B167DB /* Sources */ = {
			isa = PBXSourcesBuildPhase;
			buildActionMask = 2147483647;
			files = (
				49E13A0823B22C5800B167DB /* RxFlowTestTests.swift in Sources */,
			);
			runOnlyForDeploymentPostprocessing = 0;
		};
		49E13A0A23B22C5800B167DB /* Sources */ = {
			isa = PBXSourcesBuildPhase;
			buildActionMask = 2147483647;
			files = (
				49E13A1323B22C5900B167DB /* RxFlowTestUITests.swift in Sources */,
			);
			runOnlyForDeploymentPostprocessing = 0;
		};
/* End PBXSourcesBuildPhase section */

/* Begin PBXTargetDependency section */
		49E13A0523B22C5800B167DB /* PBXTargetDependency */ = {
			isa = PBXTargetDependency;
			target = 49E139EC23B22C5700B167DB /* RxFlowTest */;
			targetProxy = 49E13A0423B22C5800B167DB /* PBXContainerItemProxy */;
		};
		49E13A1023B22C5900B167DB /* PBXTargetDependency */ = {
			isa = PBXTargetDependency;
			target = 49E139EC23B22C5700B167DB /* RxFlowTest */;
			targetProxy = 49E13A0F23B22C5900B167DB /* PBXContainerItemProxy */;
		};
/* End PBXTargetDependency section */

/* Begin PBXVariantGroup section */
		49E139F623B22C5700B167DB /* Main.storyboard */ = {
			isa = PBXVariantGroup;
			children = (
				49E139F723B22C5700B167DB /* Base */,
			);
			name = Main.storyboard;
			sourceTree = "<group>";
		};
		49E139FB23B22C5800B167DB /* LaunchScreen.storyboard */ = {
			isa = PBXVariantGroup;
			children = (
				49E139FC23B22C5800B167DB /* Base */,
			);
			name = LaunchScreen.storyboard;
			sourceTree = "<group>";
		};
/* End PBXVariantGroup section */

/* Begin XCBuildConfiguration section */
		49E13A1523B22C5900B167DB /* Debug */ = {
			isa = XCBuildConfiguration;
			buildSettings = {
				ALWAYS_SEARCH_USER_PATHS = NO;
				CLANG_ANALYZER_NONNULL = YES;
				CLANG_ANALYZER_NUMBER_OBJECT_CONVERSION = YES_AGGRESSIVE;
				CLANG_CXX_LANGUAGE_STANDARD = "gnu++14";
				CLANG_CXX_LIBRARY = "libc++";
				CLANG_ENABLE_MODULES = YES;
				CLANG_ENABLE_OBJC_ARC = YES;
				CLANG_ENABLE_OBJC_WEAK = YES;
				CLANG_WARN_BLOCK_CAPTURE_AUTORELEASING = YES;
				CLANG_WARN_BOOL_CONVERSION = YES;
				CLANG_WARN_COMMA = YES;
				CLANG_WARN_CONSTANT_CONVERSION = YES;
				CLANG_WARN_DEPRECATED_OBJC_IMPLEMENTATIONS = YES;
				CLANG_WARN_DIRECT_OBJC_ISA_USAGE = YES_ERROR;
				CLANG_WARN_DOCUMENTATION_COMMENTS = YES;
				CLANG_WARN_EMPTY_BODY = YES;
				CLANG_WARN_ENUM_CONVERSION = YES;
				CLANG_WARN_INFINITE_RECURSION = YES;
				CLANG_WARN_INT_CONVERSION = YES;
				CLANG_WARN_NON_LITERAL_NULL_CONVERSION = YES;
				CLANG_WARN_OBJC_IMPLICIT_RETAIN_SELF = YES;
				CLANG_WARN_OBJC_LITERAL_CONVERSION = YES;
				CLANG_WARN_OBJC_ROOT_CLASS = YES_ERROR;
				CLANG_WARN_RANGE_LOOP_ANALYSIS = YES;
				CLANG_WARN_STRICT_PROTOTYPES = YES;
				CLANG_WARN_SUSPICIOUS_MOVE = YES;
				CLANG_WARN_UNGUARDED_AVAILABILITY = YES_AGGRESSIVE;
				CLANG_WARN_UNREACHABLE_CODE = YES;
				CLANG_WARN__DUPLICATE_METHOD_MATCH = YES;
				COPY_PHASE_STRIP = NO;
				DEBUG_INFORMATION_FORMAT = dwarf;
				ENABLE_STRICT_OBJC_MSGSEND = YES;
				ENABLE_TESTABILITY = YES;
				GCC_C_LANGUAGE_STANDARD = gnu11;
				GCC_DYNAMIC_NO_PIC = NO;
				GCC_NO_COMMON_BLOCKS = YES;
				GCC_OPTIMIZATION_LEVEL = 0;
				GCC_PREPROCESSOR_DEFINITIONS = (
					"DEBUG=1",
					"$(inherited)",
				);
				GCC_WARN_64_TO_32_BIT_CONVERSION = YES;
				GCC_WARN_ABOUT_RETURN_TYPE = YES_ERROR;
				GCC_WARN_UNDECLARED_SELECTOR = YES;
				GCC_WARN_UNINITIALIZED_AUTOS = YES_AGGRESSIVE;
				GCC_WARN_UNUSED_FUNCTION = YES;
				GCC_WARN_UNUSED_VARIABLE = YES;
				IPHONEOS_DEPLOYMENT_TARGET = 13.2;
				MTL_ENABLE_DEBUG_INFO = INCLUDE_SOURCE;
				MTL_FAST_MATH = YES;
				ONLY_ACTIVE_ARCH = YES;
				SDKROOT = iphoneos;
				SWIFT_ACTIVE_COMPILATION_CONDITIONS = DEBUG;
				SWIFT_OPTIMIZATION_LEVEL = "-Onone";
			};
			name = Debug;
		};
		49E13A1623B22C5900B167DB /* Release */ = {
			isa = XCBuildConfiguration;
			buildSettings = {
				ALWAYS_SEARCH_USER_PATHS = NO;
				CLANG_ANALYZER_NONNULL = YES;
				CLANG_ANALYZER_NUMBER_OBJECT_CONVERSION = YES_AGGRESSIVE;
				CLANG_CXX_LANGUAGE_STANDARD = "gnu++14";
				CLANG_CXX_LIBRARY = "libc++";
				CLANG_ENABLE_MODULES = YES;
				CLANG_ENABLE_OBJC_ARC = YES;
				CLANG_ENABLE_OBJC_WEAK = YES;
				CLANG_WARN_BLOCK_CAPTURE_AUTORELEASING = YES;
				CLANG_WARN_BOOL_CONVERSION = YES;
				CLANG_WARN_COMMA = YES;
				CLANG_WARN_CONSTANT_CONVERSION = YES;
				CLANG_WARN_DEPRECATED_OBJC_IMPLEMENTATIONS = YES;
				CLANG_WARN_DIRECT_OBJC_ISA_USAGE = YES_ERROR;
				CLANG_WARN_DOCUMENTATION_COMMENTS = YES;
				CLANG_WARN_EMPTY_BODY = YES;
				CLANG_WARN_ENUM_CONVERSION = YES;
				CLANG_WARN_INFINITE_RECURSION = YES;
				CLANG_WARN_INT_CONVERSION = YES;
				CLANG_WARN_NON_LITERAL_NULL_CONVERSION = YES;
				CLANG_WARN_OBJC_IMPLICIT_RETAIN_SELF = YES;
				CLANG_WARN_OBJC_LITERAL_CONVERSION = YES;
				CLANG_WARN_OBJC_ROOT_CLASS = YES_ERROR;
				CLANG_WARN_RANGE_LOOP_ANALYSIS = YES;
				CLANG_WARN_STRICT_PROTOTYPES = YES;
				CLANG_WARN_SUSPICIOUS_MOVE = YES;
				CLANG_WARN_UNGUARDED_AVAILABILITY = YES_AGGRESSIVE;
				CLANG_WARN_UNREACHABLE_CODE = YES;
				CLANG_WARN__DUPLICATE_METHOD_MATCH = YES;
				COPY_PHASE_STRIP = NO;
				DEBUG_INFORMATION_FORMAT = "dwarf-with-dsym";
				ENABLE_NS_ASSERTIONS = NO;
				ENABLE_STRICT_OBJC_MSGSEND = YES;
				GCC_C_LANGUAGE_STANDARD = gnu11;
				GCC_NO_COMMON_BLOCKS = YES;
				GCC_WARN_64_TO_32_BIT_CONVERSION = YES;
				GCC_WARN_ABOUT_RETURN_TYPE = YES_ERROR;
				GCC_WARN_UNDECLARED_SELECTOR = YES;
				GCC_WARN_UNINITIALIZED_AUTOS = YES_AGGRESSIVE;
				GCC_WARN_UNUSED_FUNCTION = YES;
				GCC_WARN_UNUSED_VARIABLE = YES;
				IPHONEOS_DEPLOYMENT_TARGET = 13.2;
				MTL_ENABLE_DEBUG_INFO = NO;
				MTL_FAST_MATH = YES;
				SDKROOT = iphoneos;
				SWIFT_COMPILATION_MODE = wholemodule;
				SWIFT_OPTIMIZATION_LEVEL = "-O";
				VALIDATE_PRODUCT = YES;
			};
			name = Release;
		};
		49E13A1823B22C5900B167DB /* Debug */ = {
			isa = XCBuildConfiguration;
			baseConfigurationReference = 7DAEF3BE272977853D518CD1 /* Pods-RxFlowTest.debug.xcconfig */;
			buildSettings = {
				ASSETCATALOG_COMPILER_APPICON_NAME = AppIcon;
				CLANG_ENABLE_MODULES = YES;
				CODE_SIGN_STYLE = Automatic;
				INFOPLIST_FILE = RxFlowTest/SupportFiles/Info.plist;
				IPHONEOS_DEPLOYMENT_TARGET = 13.0;
				LD_RUNPATH_SEARCH_PATHS = (
					"$(inherited)",
					"@executable_path/Frameworks",
				);
				PRODUCT_BUNDLE_IDENTIFIER = com.ks.RxFlowTest;
				PRODUCT_NAME = "$(TARGET_NAME)";
				SWIFT_OBJC_BRIDGING_HEADER = "RxFlowTest/SupportFiles/RxFlowTest-Bridging-Header.h";
				SWIFT_OPTIMIZATION_LEVEL = "-Onone";
				SWIFT_VERSION = 5.0;
				TARGETED_DEVICE_FAMILY = "1,2";
			};
			name = Debug;
		};
		49E13A1923B22C5900B167DB /* Release */ = {
			isa = XCBuildConfiguration;
			baseConfigurationReference = 07AC2978B85F4AB14CA8CC4C /* Pods-RxFlowTest.release.xcconfig */;
			buildSettings = {
				ASSETCATALOG_COMPILER_APPICON_NAME = AppIcon;
				CLANG_ENABLE_MODULES = YES;
				CODE_SIGN_STYLE = Automatic;
				INFOPLIST_FILE = RxFlowTest/SupportFiles/Info.plist;
				IPHONEOS_DEPLOYMENT_TARGET = 13.0;
				LD_RUNPATH_SEARCH_PATHS = (
					"$(inherited)",
					"@executable_path/Frameworks",
				);
				PRODUCT_BUNDLE_IDENTIFIER = com.ks.RxFlowTest;
				PRODUCT_NAME = "$(TARGET_NAME)";
				SWIFT_OBJC_BRIDGING_HEADER = "RxFlowTest/SupportFiles/RxFlowTest-Bridging-Header.h";
				SWIFT_VERSION = 5.0;
				TARGETED_DEVICE_FAMILY = "1,2";
			};
			name = Release;
		};
		49E13A1B23B22C5900B167DB /* Debug */ = {
			isa = XCBuildConfiguration;
			buildSettings = {
				ALWAYS_EMBED_SWIFT_STANDARD_LIBRARIES = YES;
				BUNDLE_LOADER = "$(TEST_HOST)";
				CODE_SIGN_STYLE = Automatic;
				INFOPLIST_FILE = RxFlowTestTests/Info.plist;
				IPHONEOS_DEPLOYMENT_TARGET = 13.2;
				LD_RUNPATH_SEARCH_PATHS = (
					"$(inherited)",
					"@executable_path/Frameworks",
					"@loader_path/Frameworks",
				);
				PRODUCT_BUNDLE_IDENTIFIER = com.ks.RxFlowTestTests;
				PRODUCT_NAME = "$(TARGET_NAME)";
				SWIFT_VERSION = 5.0;
				TARGETED_DEVICE_FAMILY = "1,2";
				TEST_HOST = "$(BUILT_PRODUCTS_DIR)/RxFlowTest.app/RxFlowTest";
			};
			name = Debug;
		};
		49E13A1C23B22C5900B167DB /* Release */ = {
			isa = XCBuildConfiguration;
			buildSettings = {
				ALWAYS_EMBED_SWIFT_STANDARD_LIBRARIES = YES;
				BUNDLE_LOADER = "$(TEST_HOST)";
				CODE_SIGN_STYLE = Automatic;
				INFOPLIST_FILE = RxFlowTestTests/Info.plist;
				IPHONEOS_DEPLOYMENT_TARGET = 13.2;
				LD_RUNPATH_SEARCH_PATHS = (
					"$(inherited)",
					"@executable_path/Frameworks",
					"@loader_path/Frameworks",
				);
				PRODUCT_BUNDLE_IDENTIFIER = com.ks.RxFlowTestTests;
				PRODUCT_NAME = "$(TARGET_NAME)";
				SWIFT_VERSION = 5.0;
				TARGETED_DEVICE_FAMILY = "1,2";
				TEST_HOST = "$(BUILT_PRODUCTS_DIR)/RxFlowTest.app/RxFlowTest";
			};
			name = Release;
		};
		49E13A1E23B22C5900B167DB /* Debug */ = {
			isa = XCBuildConfiguration;
			buildSettings = {
				ALWAYS_EMBED_SWIFT_STANDARD_LIBRARIES = YES;
				CODE_SIGN_STYLE = Automatic;
				INFOPLIST_FILE = RxFlowTestUITests/Info.plist;
				LD_RUNPATH_SEARCH_PATHS = (
					"$(inherited)",
					"@executable_path/Frameworks",
					"@loader_path/Frameworks",
				);
				PRODUCT_BUNDLE_IDENTIFIER = com.ks.RxFlowTestUITests;
				PRODUCT_NAME = "$(TARGET_NAME)";
				SWIFT_VERSION = 5.0;
				TARGETED_DEVICE_FAMILY = "1,2";
				TEST_TARGET_NAME = RxFlowTest;
			};
			name = Debug;
		};
		49E13A1F23B22C5900B167DB /* Release */ = {
			isa = XCBuildConfiguration;
			buildSettings = {
				ALWAYS_EMBED_SWIFT_STANDARD_LIBRARIES = YES;
				CODE_SIGN_STYLE = Automatic;
				INFOPLIST_FILE = RxFlowTestUITests/Info.plist;
				LD_RUNPATH_SEARCH_PATHS = (
					"$(inherited)",
					"@executable_path/Frameworks",
					"@loader_path/Frameworks",
				);
				PRODUCT_BUNDLE_IDENTIFIER = com.ks.RxFlowTestUITests;
				PRODUCT_NAME = "$(TARGET_NAME)";
				SWIFT_VERSION = 5.0;
				TARGETED_DEVICE_FAMILY = "1,2";
				TEST_TARGET_NAME = RxFlowTest;
			};
			name = Release;
		};
/* End XCBuildConfiguration section */

/* Begin XCConfigurationList section */
		49E139E823B22C5700B167DB /* Build configuration list for PBXProject "RxFlowTest" */ = {
			isa = XCConfigurationList;
			buildConfigurations = (
				49E13A1523B22C5900B167DB /* Debug */,
				49E13A1623B22C5900B167DB /* Release */,
			);
			defaultConfigurationIsVisible = 0;
			defaultConfigurationName = Release;
		};
		49E13A1723B22C5900B167DB /* Build configuration list for PBXNativeTarget "RxFlowTest" */ = {
			isa = XCConfigurationList;
			buildConfigurations = (
				49E13A1823B22C5900B167DB /* Debug */,
				49E13A1923B22C5900B167DB /* Release */,
			);
			defaultConfigurationIsVisible = 0;
			defaultConfigurationName = Release;
		};
		49E13A1A23B22C5900B167DB /* Build configuration list for PBXNativeTarget "RxFlowTestTests" */ = {
			isa = XCConfigurationList;
			buildConfigurations = (
				49E13A1B23B22C5900B167DB /* Debug */,
				49E13A1C23B22C5900B167DB /* Release */,
			);
			defaultConfigurationIsVisible = 0;
			defaultConfigurationName = Release;
		};
		49E13A1D23B22C5900B167DB /* Build configuration list for PBXNativeTarget "RxFlowTestUITests" */ = {
			isa = XCConfigurationList;
			buildConfigurations = (
				49E13A1E23B22C5900B167DB /* Debug */,
				49E13A1F23B22C5900B167DB /* Release */,
			);
			defaultConfigurationIsVisible = 0;
			defaultConfigurationName = Release;
		};
/* End XCConfigurationList section */
	};
	rootObject = 49E139E523B22C5700B167DB /* Project object */;
}
