PODS:
  - Alamofire (4.9.1)
  - Moya (13.0.1):
    - Moya/Core (= 13.0.1)
  - Moya/Core (13.0.1):
    - Alamofire (~> 4.1)
    - Result (~> 4.1)
  - Moya/RxSwift (13.0.1):
    - Moya/Core
    - RxSwift (~> 4.0)
  - Result (4.1.0)
  - RxCocoa (4.5.0):
    - RxSwift (>= 4.4.2, ~> 4.4)
  - RxFlow (2.2.0):
    - RxCocoa (>= 4.5.0)
    - RxSwift (>= 4.5.0)
  - RxSwift (4.5.0)
  - Sniffer (2.0.0)
  - SwiftLint (0.38.0)

DEPENDENCIES:
  - Moya
  - Moya/RxSwift
  - RxCocoa
  - RxFlow
  - RxSwift
  - Sniffer
  - SwiftLint

SPEC REPOS:
  trunk:
    - Alamofire
    - Moya
    - Result
    - RxCocoa
    - RxFlow
    - RxSwift
    - Sniffer
    - SwiftLint

SPEC CHECKSUMS:
  Alamofire: 85e8a02c69d6020a0d734f6054870d7ecb75cf18
  Moya: f4a4b80ff2f8a4ffc208dfb31cd91636622fee6e
  Result: bd966fac789cc6c1563440b348ab2598cc24d5c7
  RxCocoa: cbf70265dc65a981d4ac982e513c10cf23df24a0
  RxFlow: f8cdfc0be3c837464fad1fcd28187fd414bcc716
  RxSwift: f172070dfd1a93d70a9ab97a5a01166206e1c575
  Sniffer: 8818aff78371938472e70121eff907f5b0928049
  SwiftLint: 4105f061f9812b214568b736dab580ab2c73a582

PODFILE CHECKSUM: 4fa4d3c09590a4f9706fd40db78ee0599ad80fca

COCOAPODS: 1.8.4
